
Microsoft Visual Studio Solution File, Format Version 12.00
# Visual Studio Version 17
VisualStudioVersion = 17.11.35312.102
MinimumVisualStudioVersion = 10.0.40219.1
Project("{FAE04EC0-301F-11D3-BF4B-00C04F79EFBC}") = "PhoneRepair", "PhoneRepair\PhoneRepair.csproj", "{14297A8D-7850-4F52-9C52-9EBFFD2E515E}"
EndProject
Global
	GlobalSection(SolutionConfigurationPlatforms) = preSolution
		Debug|Any CPU = Debug|Any CPU
		Release|Any CPU = Release|Any CPU
	EndGlobalSection
	GlobalSection(ProjectConfigurationPlatforms) = postSolution
		{14297A8D-7850-4F52-9C52-9EBFFD2E515E}.Debug|Any CPU.ActiveCfg = Debug|Any CPU
		{14297A8D-7850-4F52-9C52-9EBFFD2E515E}.Debug|Any CPU.Build.0 = Debug|Any CPU
		{14297A8D-7850-4F52-9C52-9EBFFD2E515E}.Release|Any CPU.ActiveCfg = Release|Any CPU
		{14297A8D-7850-4F52-9C52-9EBFFD2E515E}.Release|Any CPU.Build.0 = Release|Any CPU
	EndGlobalSection
	GlobalSection(SolutionProperties) = preSolution
		HideSolutionNode = FALSE
	EndGlobalSection
	GlobalSection(ExtensibilityGlobals) = postSolution
		SolutionGuid = {835CAAC1-7D8E-4F6C-8E99-77D6A733FD47}
	EndGlobalSection
EndGlobal
